// !$*UTF8*$!
{
	archiveVersion = 1;
	classes = {
	};
	objectVersion = 48;
	objects = {

/* Begin PBXBuildFile section */
		7D6677AF20B410B500FBB2B2 /* AppDelegate.swift in Sources */ = {isa = PBXBuildFile; fileRef = 7D6677AE20B410B500FBB2B2 /* AppDelegate.swift */; };
		7D6677B120B410B500FBB2B2 /* ViewController.swift in Sources */ = {isa = PBXBuildFile; fileRef = 7D6677B020B410B500FBB2B2 /* ViewController.swift */; };
		7D6677B320B410B500FBB2B2 /* Assets.xcassets in Resources */ = {isa = PBXBuildFile; fileRef = 7D6677B220B410B500FBB2B2 /* Assets.xcassets */; };
		7D6677B620B410B500FBB2B2 /* Main.storyboard in Resources */ = {isa = PBXBuildFile; fileRef = 7D6677B420B410B500FBB2B2 /* Main.storyboard */; };
		7D6677BF20B410E700FBB2B2 /* TLVNode.swift in Sources */ = {isa = PBXBuildFile; fileRef = 7D6677BE20B410E700FBB2B2 /* TLVNode.swift */; };
/* End PBXBuildFile section */

/* Begin PBXFileReference section */
		7D6677AB20B410B500FBB2B2 /* TLVParser_Swift.app */ = {isa = PBXFileReference; explicitFileType = wrapper.application; includeInIndex = 0; path = TLVParser_Swift.app; sourceTree = BUILT_PRODUCTS_DIR; };
		7D6677AE20B410B500FBB2B2 /* AppDelegate.swift */ = {isa = PBXFileReference; lastKnownFileType = sourcecode.swift; path = AppDelegate.swift; sourceTree = "<group>"; };
		7D6677B020B410B500FBB2B2 /* ViewController.swift */ = {isa = PBXFileReference; lastKnownFileType = sourcecode.swift; path = ViewController.swift; sourceTree = "<group>"; };
		7D6677B220B410B500FBB2B2 /* Assets.xcassets */ = {isa = PBXFileReference; lastKnownFileType = folder.assetcatalog; path = Assets.xcassets; sourceTree = "<group>"; };
		7D6677B520B410B500FBB2B2 /* Base */ = {isa = PBXFileReference; lastKnownFileType = file.storyboard; name = Base; path = Base.lproj/Main.storyboard; sourceTree = "<group>"; };
		7D6677B720B410B500FBB2B2 /* Info.plist */ = {isa = PBXFileReference; lastKnownFileType = text.plist.xml; path = Info.plist; sourceTree = "<group>"; };
		7D6677B820B410B500FBB2B2 /* TLVParser_Swift.entitlements */ = {isa = PBXFileReference; lastKnownFileType = text.plist.entitlements; path = TLVParser_Swift.entitlements; sourceTree = "<group>"; };
		7D6677BE20B410E700FBB2B2 /* TLVNode.swift */ = {isa = PBXFileReference; lastKnownFileType = sourcecode.swift; path = TLVNode.swift; sourceTree = "<group>"; };
/* End PBXFileReference section */

/* Begin PBXFrameworksBuildPhase section */
		7D6677A820B410B500FBB2B2 /* Frameworks */ = {
			isa = PBXFrameworksBuildPhase;
			buildActionMask = 2147483647;
			files = (
			);
			runOnlyForDeploymentPostprocessing = 0;
		};
/* End PBXFrameworksBuildPhase section */

/* Begin PBXGroup section */
		7D6677A220B410B500FBB2B2 = {
			isa = PBXGroup;
			children = (
				7D6677AD20B410B500FBB2B2 /* TLVParser_Swift */,
				7D6677AC20B410B500FBB2B2 /* Products */,
			);
			sourceTree = "<group>";
		};
		7D6677AC20B410B500FBB2B2 /* Products */ = {
			isa = PBXGroup;
			children = (
				7D6677AB20B410B500FBB2B2 /* TLVParser_Swift.app */,
			);
			name = Products;
			sourceTree = "<group>";
		};
		7D6677AD20B410B500FBB2B2 /* TLVParser_Swift */ = {
			isa = PBXGroup;
			children = (
				7D6677AE20B410B500FBB2B2 /* AppDelegate.swift */,
				7D6677B020B410B500FBB2B2 /* ViewController.swift */,
				7D6677BE20B410E700FBB2B2 /* TLVNode.swift */,
				7D6677B220B410B500FBB2B2 /* Assets.xcassets */,
				7D6677B420B410B500FBB2B2 /* Main.storyboard */,
				7D6677B720B410B500FBB2B2 /* Info.plist */,
				7D6677B820B410B500FBB2B2 /* TLVParser_Swift.entitlements */,
			);
			path = TLVParser_Swift;
			sourceTree = "<group>";
		};
/* End PBXGroup section */

/* Begin PBXNativeTarget section */
		7D6677AA20B410B500FBB2B2 /* TLVParser_Swift */ = {
			isa = PBXNativeTarget;
			buildConfigurationList = 7D6677BB20B410B500FBB2B2 /* Build configuration list for PBXNativeTarget "TLVParser_Swift" */;
			buildPhases = (
				7D6677A720B410B500FBB2B2 /* Sources */,
				7D6677A820B410B500FBB2B2 /* Frameworks */,
				7D6677A920B410B500FBB2B2 /* Resources */,
			);
			buildRules = (
			);
			dependencies = (
			);
			name = TLVParser_Swift;
			productName = TLVParser_Swift;
			productReference = 7D6677AB20B410B500FBB2B2 /* TLVParser_Swift.app */;
			productType = "com.apple.product-type.application";
		};
/* End PBXNativeTarget section */

/* Begin PBXProject section */
		7D6677A320B410B500FBB2B2 /* Project object */ = {
			isa = PBXProject;
			attributes = {
				LastSwiftUpdateCheck = 0920;
				LastUpgradeCheck = 0920;
				ORGANIZATIONNAME = "Friedrich HAEUPL";
				TargetAttributes = {
					7D6677AA20B410B500FBB2B2 = {
						CreatedOnToolsVersion = 9.2;
						ProvisioningStyle = Automatic;
					};
				};
			};
			buildConfigurationList = 7D6677A620B410B500FBB2B2 /* Build configuration list for PBXProject "TLVParser_Swift" */;
			compatibilityVersion = "Xcode 8.0";
			developmentRegion = en;
			hasScannedForEncodings = 0;
			knownRegions = (
				en,
				Base,
			);
			mainGroup = 7D6677A220B410B500FBB2B2;
			productRefGroup = 7D6677AC20B410B500FBB2B2 /* Products */;
			projectDirPath = "";
			projectRoot = "";
			targets = (
				7D6677AA20B410B500FBB2B2 /* TLVParser_Swift */,
			);
		};
/* End PBXProject section */

/* Begin PBXResourcesBuildPhase section */
		7D6677A920B410B500FBB2B2 /* Resources */ = {
			isa = PBXResourcesBuildPhase;
			buildActionMask = 2147483647;
			files = (
				7D6677B320B410B500FBB2B2 /* Assets.xcassets in Resources */,
				7D6677B620B410B500FBB2B2 /* Main.storyboard in Resources */,
			);
			runOnlyForDeploymentPostprocessing = 0;
		};
/* End PBXResourcesBuildPhase section */

/* Begin PBXSourcesBuildPhase section */
		7D6677A720B410B500FBB2B2 /* Sources */ = {
			isa = PBXSourcesBuildPhase;
			buildActionMask = 2147483647;
			files = (
				7D6677BF20B410E700FBB2B2 /* TLVNode.swift in Sources */,
				7D6677B120B410B500FBB2B2 /* ViewController.swift in Sources */,
				7D6677AF20B410B500FBB2B2 /* AppDelegate.swift in Sources */,
			);
			runOnlyForDeploymentPostprocessing = 0;
		};
/* End PBXSourcesBuildPhase section */

/* Begin PBXVariantGroup section */
		7D6677B420B410B500FBB2B2 /* Main.storyboard */ = {
			isa = PBXVariantGroup;
			children = (
				7D6677B520B410B500FBB2B2 /* Base */,
			);
			name = Main.storyboard;
			sourceTree = "<group>";
		};
/* End PBXVariantGroup section */

/* Begin XCBuildConfiguration section */
		7D6677B920B410B500FBB2B2 /* Debug */ = {
			isa = XCBuildConfiguration;
			buildSettings = {
				ALWAYS_SEARCH_USER_PATHS = NO;
				CLANG_ANALYZER_NONNULL = YES;
				CLANG_ANALYZER_NUMBER_OBJECT_CONVERSION = YES_AGGRESSIVE;
				CLANG_CXX_LANGUAGE_STANDARD = "gnu++14";
				CLANG_CXX_LIBRARY = "libc++";
				CLANG_ENABLE_MODULES = YES;
				CLANG_ENABLE_OBJC_ARC = YES;
				CLANG_WARN_BLOCK_CAPTURE_AUTORELEASING = YES;
				CLANG_WARN_BOOL_CONVERSION = YES;
				CLANG_WARN_COMMA = YES;
				CLANG_WARN_CONSTANT_CONVERSION = YES;
				CLANG_WARN_DIRECT_OBJC_ISA_USAGE = YES_ERROR;
				CLANG_WARN_DOCUMENTATION_COMMENTS = YES;
				CLANG_WARN_EMPTY_BODY = YES;
				CLANG_WARN_ENUM_CONVERSION = YES;
				CLANG_WARN_INFINITE_RECURSION = YES;
				CLANG_WARN_INT_CONVERSION = YES;
				CLANG_WARN_NON_LITERAL_NULL_CONVERSION = YES;
				CLANG_WARN_OBJC_LITERAL_CONVERSION = YES;
				CLANG_WARN_OBJC_ROOT_CLASS = YES_ERROR;
				CLANG_WARN_RANGE_LOOP_ANALYSIS = YES;
				CLANG_WARN_STRICT_PROTOTYPES = YES;
				CLANG_WARN_SUSPICIOUS_MOVE = YES;
				CLANG_WARN_UNGUARDED_AVAILABILITY = YES_AGGRESSIVE;
				CLANG_WARN_UNREACHABLE_CODE = YES;
				CLANG_WARN__DUPLICATE_METHOD_MATCH = YES;
				CODE_SIGN_IDENTITY = "Mac Developer: f.haeupl@chello.at (ZX3DK5992S)";
				CODE_SIGN_STYLE = Automatic;
				COPY_PHASE_STRIP = NO;
				DEBUG_INFORMATION_FORMAT = dwarf;
				DEVELOPMENT_TEAM = SZLX9RL67H;
				ENABLE_STRICT_OBJC_MSGSEND = YES;
				ENABLE_TESTABILITY = YES;
				GCC_C_LANGUAGE_STANDARD = gnu11;
				GCC_DYNAMIC_NO_PIC = NO;
				GCC_NO_COMMON_BLOCKS = YES;
				GCC_OPTIMIZATION_LEVEL = 0;
				GCC_PREPROCESSOR_DEFINITIONS = (
					"DEBUG=1",
					"$(inherited)",
				);
				GCC_WARN_64_TO_32_BIT_CONVERSION = YES;
				GCC_WARN_ABOUT_RETURN_TYPE = YES_ERROR;
				GCC_WARN_UNDECLARED_SELECTOR = YES;
				GCC_WARN_UNINITIALIZED_AUTOS = YES_AGGRESSIVE;
				GCC_WARN_UNUSED_FUNCTION = YES;
				GCC_WARN_UNUSED_VARIABLE = YES;
				MACOSX_DEPLOYMENT_TARGET = 10.12;
				MTL_ENABLE_DEBUG_INFO = YES;
				ONLY_ACTIVE_ARCH = YES;
				SDKROOT = macosx;
				SWIFT_ACTIVE_COMPILATION_CONDITIONS = DEBUG;
				SWIFT_OPTIMIZATION_LEVEL = "-Onone";
			};
			name = Debug;
		};
		7D6677BA20B410B500FBB2B2 /* Release */ = {
			isa = XCBuildConfiguration;
			buildSettings = {
				ALWAYS_SEARCH_USER_PATHS = NO;
				CLANG_ANALYZER_NONNULL = YES;
				CLANG_ANALYZER_NUMBER_OBJECT_CONVERSION = YES_AGGRESSIVE;
				CLANG_CXX_LANGUAGE_STANDARD = "gnu++14";
				CLANG_CXX_LIBRARY = "libc++";
				CLANG_ENABLE_MODULES = YES;
				CLANG_ENABLE_OBJC_ARC = YES;
				CLANG_WARN_BLOCK_CAPTURE_AUTORELEASING = YES;
				CLANG_WARN_BOOL_CONVERSION = YES;
				CLANG_WARN_COMMA = YES;
				CLANG_WARN_CONSTANT_CONVERSION = YES;
				CLANG_WARN_DIRECT_OBJC_ISA_USAGE = YES_ERROR;
				CLANG_WARN_DOCUMENTATION_COMMENTS = YES;
				CLANG_WARN_EMPTY_BODY = YES;
				CLANG_WARN_ENUM_CONVERSION = YES;
				CLANG_WARN_INFINITE_RECURSION = YES;
				CLANG_WARN_INT_CONVERSION = YES;
				CLANG_WARN_NON_LITERAL_NULL_CONVERSION = YES;
				CLANG_WARN_OBJC_LITERAL_CONVERSION = YES;
				CLANG_WARN_OBJC_ROOT_CLASS = YES_ERROR;
				CLANG_WARN_RANGE_LOOP_ANALYSIS = YES;
				CLANG_WARN_STRICT_PROTOTYPES = YES;
				CLANG_WARN_SUSPICIOUS_MOVE = YES;
				CLANG_WARN_UNGUARDED_AVAILABILITY = YES_AGGRESSIVE;
				CLANG_WARN_UNREACHABLE_CODE = YES;
				CLANG_WARN__DUPLICATE_METHOD_MATCH = YES;
				CODE_SIGN_IDENTITY = "Mac Developer: f.haeupl@chello.at (ZX3DK5992S)";
				CODE_SIGN_STYLE = Automatic;
				COPY_PHASE_STRIP = NO;
				DEBUG_INFORMATION_FORMAT = "dwarf-with-dsym";
				DEVELOPMENT_TEAM = SZLX9RL67H;
				ENABLE_NS_ASSERTIONS = NO;
				ENABLE_STRICT_OBJC_MSGSEND = YES;
				GCC_C_LANGUAGE_STANDARD = gnu11;
				GCC_NO_COMMON_BLOCKS = YES;
				GCC_WARN_64_TO_32_BIT_CONVERSION = YES;
				GCC_WARN_ABOUT_RETURN_TYPE = YES_ERROR;
				GCC_WARN_UNDECLARED_SELECTOR = YES;
				GCC_WARN_UNINITIALIZED_AUTOS = YES_AGGRESSIVE;
				GCC_WARN_UNUSED_FUNCTION = YES;
				GCC_WARN_UNUSED_VARIABLE = YES;
				MACOSX_DEPLOYMENT_TARGET = 10.12;
				MTL_ENABLE_DEBUG_INFO = NO;
				ONLY_ACTIVE_ARCH = YES;
				SDKROOT = macosx;
				SWIFT_OPTIMIZATION_LEVEL = "-Owholemodule";
			};
			name = Release;
		};
		7D6677BC20B410B500FBB2B2 /* Debug */ = {
			isa = XCBuildConfiguration;
			buildSettings = {
				ASSETCATALOG_COMPILER_APPICON_NAME = AppIcon;
				CODE_SIGN_ENTITLEMENTS = TLVParser_Swift/TLVParser_Swift.entitlements;
				CODE_SIGN_IDENTITY = "";
				CODE_SIGN_STYLE = Automatic;
				COMBINE_HIDPI_IMAGES = YES;
				DEVELOPMENT_TEAM = SZLX9RL67H;
				INFOPLIST_FILE = TLVParser_Swift/Info.plist;
				LD_RUNPATH_SEARCH_PATHS = "$(inherited) @executable_path/../Frameworks";
				PRODUCT_BUNDLE_IDENTIFIER = "com.best-of-fritz.test.TLVParser-Swift";
				PRODUCT_NAME = "$(TARGET_NAME)";
				PROVISIONING_PROFILE_SPECIFIER = "";
				SWIFT_VERSION = 4.0;
			};
			name = Debug;
		};
		7D6677BD20B410B500FBB2B2 /* Release */ = {
			isa = XCBuildConfiguration;
			buildSettings = {
				ASSETCATALOG_COMPILER_APPICON_NAME = AppIcon;
				CODE_SIGN_ENTITLEMENTS = TLVParser_Swift/TLVParser_Swift.entitlements;
				CODE_SIGN_IDENTITY = "";
				CODE_SIGN_STYLE = Automatic;
				COMBINE_HIDPI_IMAGES = YES;
				DEVELOPMENT_TEAM = SZLX9RL67H;
				INFOPLIST_FILE = TLVParser_Swift/Info.plist;
				LD_RUNPATH_SEARCH_PATHS = "$(inherited) @executable_path/../Frameworks";
				PRODUCT_BUNDLE_IDENTIFIER = "com.best-of-fritz.test.TLVParser-Swift";
				PRODUCT_NAME = "$(TARGET_NAME)";
				PROVISIONING_PROFILE_SPECIFIER = "";
				SWIFT_VERSION = 4.0;
			};
			name = Release;
		};
/* End XCBuildConfiguration section */

/* Begin XCConfigurationList section */
		7D6677A620B410B500FBB2B2 /* Build configuration list for PBXProject "TLVParser_Swift" */ = {
			isa = XCConfigurationList;
			buildConfigurations = (
				7D6677B920B410B500FBB2B2 /* Debug */,
				7D6677BA20B410B500FBB2B2 /* Release */,
			);
			defaultConfigurationIsVisible = 0;
			defaultConfigurationName = Release;
		};
		7D6677BB20B410B500FBB2B2 /* Build configuration list for PBXNativeTarget "TLVParser_Swift" */ = {
			isa = XCConfigurationList;
			buildConfigurations = (
				7D6677BC20B410B500FBB2B2 /* Debug */,
				7D6677BD20B410B500FBB2B2 /* Release */,
			);
			defaultConfigurationIsVisible = 0;
			defaultConfigurationName = Release;
		};
/* End XCConfigurationList section */
	};
	rootObject = 7D6677A320B410B500FBB2B2 /* Project object */;
}
